
Microsoft Visual Studio Solution File, Format Version 12.00
# Visual Studio Version 17
VisualStudioVersion = 17.7.34031.279
MinimumVisualStudioVersion = 10.0.40219.1
Project("{FAE04EC0-301F-11D3-BF4B-00C04F79EFBC}") = "stackCalculator", "stackCalculator.csproj", "{95E4DA17-C025-4499-8B71-D8BC4C79BE15}"
EndProject
Global
	GlobalSection(SolutionConfigurationPlatforms) = preSolution
		Debug|Any CPU = Debug|Any CPU
		Release|Any CPU = Release|Any CPU
	EndGlobalSection
	GlobalSection(ProjectConfigurationPlatforms) = postSolution
		{95E4DA17-C025-4499-8B71-D8BC4C79BE15}.Debug|Any CPU.ActiveCfg = Debug|Any CPU
		{95E4DA17-C025-4499-8B71-D8BC4C79BE15}.Debug|Any CPU.Build.0 = Debug|Any CPU
		{95E4DA17-C025-4499-8B71-D8BC4C79BE15}.Release|Any CPU.ActiveCfg = Release|Any CPU
		{95E4DA17-C025-4499-8B71-D8BC4C79BE15}.Release|Any CPU.Build.0 = Release|Any CPU
	EndGlobalSection
	GlobalSection(SolutionProperties) = preSolution
		HideSolutionNode = FALSE
	EndGlobalSection
	GlobalSection(ExtensibilityGlobals) = postSolution
		SolutionGuid = {0C267E99-C5E6-4096-82F4-68924E852FEA}
	EndGlobalSection
EndGlobal
